hash: 876ca049d1e8c729f3cef43ce6ea8c1229d8df149fdef9c8a27b211dce42554d
updated: 2017-08-03T11:23:59.177325612+01:00
imports:
- name: github.com/dgrijalva/jwt-go
  version: a601269ab70c205d26370c16f7c81e9017c14e04
- name: github.com/labstack/echo
  version: 8d504c1b699c757b267255c53b3e5219f9974abc
  subpackages:
  - middleware
- name: github.com/labstack/gommon
  version: f72d3c883f8ea180da8f085dd320804c41332ad1
  subpackages:
  - bytes
  - color
  - log
  - random
- name: github.com/mattn/go-colorable
  version: d228849504861217f796da67fae4f6e347643f15
- name: github.com/mattn/go-isatty
  version: 30a891c33c7cde7b02a981314b4228ec99380cca
- name: github.com/minio/minio-go
  version: 5ca66c9a35ba1cd674484be99dc97aa0973afe12
- name: github.com/tylerb/graceful
  version: 0e9129e9c6d47da90dc0c188b26bd7bb1dab53cd
- name: github.com/valyala/bytebufferpool
  version: e746df99fe4a3986f4d4f79e13c1e0117ce9c2f7
- name: github.com/valyala/fasttemplate
  version: d090d65668a286d9a180d43a19dfdc5dcad8fe88
- name: golang.org/x/crypto
  version: 4cd25d65a015cc83d41bf3454e6e8d6c116d16da
  subpackages:
  - acme
  - acme/autocert
- name: golang.org/x/image
  version: 83686c547965220f8b5d75e83ddc67d73420a89f
  subpackages:
  - riff
  - vp8
  - vp8l
  - webp
- name: golang.org/x/net
  version: a6577fac2d73be281a500b310739095313165611
  subpackages:
  - context
  - context/ctxhttp
- name: golang.org/x/sys
  version: 493114f68206f85e7e333beccfabc11e98cba8dd
  subpackages:
  - unix
- name: gopkg.in/inconshreveable/log15.v2
  version: b105bd37f74e5d9dc7b6ad7806715c7a2b83fd3f
  subpackages:
  - stack
  - term
testImports: []
